
Microsoft Visual Studio Solution File, Format Version 12.00
# Visual Studio Version 17
VisualStudioVersion = 17.6.33815.320
MinimumVisualStudioVersion = 10.0.40219.1
Project("{8BC9CEB8-8B4A-11D0-8D11-00A0C91BC942}") = "Slide1ver1", "Slide1ver1\Slide1ver1.vcxproj", "{2EF52B88-7FC8-494C-A87E-5648FFF97DB9}"
EndProject
Project("{8BC9CEB8-8B4A-11D0-8D11-00A0C91BC942}") = "BTT1", "BTT1\BTT1.vcxproj", "{A6FE756E-64BB-4181-89BB-3B1B3023C139}"
EndProject
Project("{8BC9CEB8-8B4A-11D0-8D11-00A0C91BC942}") = "Hello World", "Test linh tinh\Hello World.vcxproj", "{A3BDC822-6D08-425E-89B7-9F5FAFDD41B6}"
EndProject
Project("{8BC9CEB8-8B4A-11D0-8D11-00A0C91BC942}") = "Slide2ver1", "Slide2ver1\Slide2ver1.vcxproj", "{E264DD31-694A-4532-92D6-D9D0D6D65792}"
EndProject
Project("{8BC9CEB8-8B4A-11D0-8D11-00A0C91BC942}") = "Slide3ver1", "Slide3ver1\Slide3ver1.vcxproj", "{C1B42A62-6728-44AC-AF5C-827F36C036CC}"
EndProject
Global
	GlobalSection(SolutionConfigurationPlatforms) = preSolution
		Debug|x64 = Debug|x64
		Debug|x86 = Debug|x86
		Release|x64 = Release|x64
		Release|x86 = Release|x86
	EndGlobalSection
	GlobalSection(ProjectConfigurationPlatforms) = postSolution
		{2EF52B88-7FC8-494C-A87E-5648FFF97DB9}.Debug|x64.ActiveCfg = Debug|x64
		{2EF52B88-7FC8-494C-A87E-5648FFF97DB9}.Debug|x64.Build.0 = Debug|x64
		{2EF52B88-7FC8-494C-A87E-5648FFF97DB9}.Debug|x86.ActiveCfg = Debug|Win32
		{2EF52B88-7FC8-494C-A87E-5648FFF97DB9}.Debug|x86.Build.0 = Debug|Win32
		{2EF52B88-7FC8-494C-A87E-5648FFF97DB9}.Release|x64.ActiveCfg = Release|x64
		{2EF52B88-7FC8-494C-A87E-5648FFF97DB9}.Release|x64.Build.0 = Release|x64
		{2EF52B88-7FC8-494C-A87E-5648FFF97DB9}.Release|x86.ActiveCfg = Release|Win32
		{2EF52B88-7FC8-494C-A87E-5648FFF97DB9}.Release|x86.Build.0 = Release|Win32
		{A6FE756E-64BB-4181-89BB-3B1B3023C139}.Debug|x64.ActiveCfg = Debug|x64
		{A6FE756E-64BB-4181-89BB-3B1B3023C139}.Debug|x64.Build.0 = Debug|x64
		{A6FE756E-64BB-4181-89BB-3B1B3023C139}.Debug|x86.ActiveCfg = Debug|Win32
		{A6FE756E-64BB-4181-89BB-3B1B3023C139}.Debug|x86.Build.0 = Debug|Win32
		{A6FE756E-64BB-4181-89BB-3B1B3023C139}.Release|x64.ActiveCfg = Release|x64
		{A6FE756E-64BB-4181-89BB-3B1B3023C139}.Release|x64.Build.0 = Release|x64
		{A6FE756E-64BB-4181-89BB-3B1B3023C139}.Release|x86.ActiveCfg = Release|Win32
		{A6FE756E-64BB-4181-89BB-3B1B3023C139}.Release|x86.Build.0 = Release|Win32
		{A3BDC822-6D08-425E-89B7-9F5FAFDD41B6}.Debug|x64.ActiveCfg = Debug|x64
		{A3BDC822-6D08-425E-89B7-9F5FAFDD41B6}.Debug|x64.Build.0 = Debug|x64
		{A3BDC822-6D08-425E-89B7-9F5FAFDD41B6}.Debug|x86.ActiveCfg = Debug|Win32
		{A3BDC822-6D08-425E-89B7-9F5FAFDD41B6}.Debug|x86.Build.0 = Debug|Win32
		{A3BDC822-6D08-425E-89B7-9F5FAFDD41B6}.Release|x64.ActiveCfg = Release|x64
		{A3BDC822-6D08-425E-89B7-9F5FAFDD41B6}.Release|x64.Build.0 = Release|x64
		{A3BDC822-6D08-425E-89B7-9F5FAFDD41B6}.Release|x86.ActiveCfg = Release|Win32
		{A3BDC822-6D08-425E-89B7-9F5FAFDD41B6}.Release|x86.Build.0 = Release|Win32
		{E264DD31-694A-4532-92D6-D9D0D6D65792}.Debug|x64.ActiveCfg = Debug|x64
		{E264DD31-694A-4532-92D6-D9D0D6D65792}.Debug|x64.Build.0 = Debug|x64
		{E264DD31-694A-4532-92D6-D9D0D6D65792}.Debug|x86.ActiveCfg = Debug|Win32
		{E264DD31-694A-4532-92D6-D9D0D6D65792}.Debug|x86.Build.0 = Debug|Win32
		{E264DD31-694A-4532-92D6-D9D0D6D65792}.Release|x64.ActiveCfg = Release|x64
		{E264DD31-694A-4532-92D6-D9D0D6D65792}.Release|x64.Build.0 = Release|x64
		{E264DD31-694A-4532-92D6-D9D0D6D65792}.Release|x86.ActiveCfg = Release|Win32
		{E264DD31-694A-4532-92D6-D9D0D6D65792}.Release|x86.Build.0 = Release|Win32
		{C1B42A62-6728-44AC-AF5C-827F36C036CC}.Debug|x64.ActiveCfg = Debug|x64
		{C1B42A62-6728-44AC-AF5C-827F36C036CC}.Debug|x64.Build.0 = Debug|x64
		{C1B42A62-6728-44AC-AF5C-827F36C036CC}.Debug|x86.ActiveCfg = Debug|Win32
		{C1B42A62-6728-44AC-AF5C-827F36C036CC}.Debug|x86.Build.0 = Debug|Win32
		{C1B42A62-6728-44AC-AF5C-827F36C036CC}.Release|x64.ActiveCfg = Release|x64
		{C1B42A62-6728-44AC-AF5C-827F36C036CC}.Release|x64.Build.0 = Release|x64
		{C1B42A62-6728-44AC-AF5C-827F36C036CC}.Release|x86.ActiveCfg = Release|Win32
		{C1B42A62-6728-44AC-AF5C-827F36C036CC}.Release|x86.Build.0 = Release|Win32
	EndGlobalSection
	GlobalSection(SolutionProperties) = preSolution
		HideSolutionNode = FALSE
	EndGlobalSection
	GlobalSection(ExtensibilityGlobals) = postSolution
		SolutionGuid = {ADE922BC-1CAA-4699-8E53-47CD1B74DC09}
	EndGlobalSection
EndGlobal
